
Microsoft Visual Studio Solution File, Format Version 12.00
# Visual Studio Version 17
VisualStudioVersion = 17.8.34525.116
MinimumVisualStudioVersion = 10.0.40219.1
Project("{9A19103F-16F7-4668-BE54-9A1E7A4F7556}") = "RAHSHU_BlogApi", "RAHSHU_BlogApi\RAHSHU_BlogApi.csproj", "{CBB7348D-2C03-4E18-87D3-2A73CDDDD713}"
EndProject
Project("{FAE04EC0-301F-11D3-BF4B-00C04F79EFBC}") = "RAHSHU_BlogApi.Tests", "RAHSHU_BlogApi.Tests\RAHSHU_BlogApi.Tests.csproj", "{3AB60B8D-CB3A-49D7-BC1E-1880B088182B}"
EndProject
Global
	GlobalSection(SolutionConfigurationPlatforms) = preSolution
		Debug|Any CPU = Debug|Any CPU
		Release|Any CPU = Release|Any CPU
	EndGlobalSection
	GlobalSection(ProjectConfigurationPlatforms) = postSolution
		{CBB7348D-2C03-4E18-87D3-2A73CDDDD713}.Debug|Any CPU.ActiveCfg = Debug|Any CPU
		{CBB7348D-2C03-4E18-87D3-2A73CDDDD713}.Debug|Any CPU.Build.0 = Debug|Any CPU
		{CBB7348D-2C03-4E18-87D3-2A73CDDDD713}.Release|Any CPU.ActiveCfg = Release|Any CPU
		{CBB7348D-2C03-4E18-87D3-2A73CDDDD713}.Release|Any CPU.Build.0 = Release|Any CPU
		{3AB60B8D-CB3A-49D7-BC1E-1880B088182B}.Debug|Any CPU.ActiveCfg = Debug|Any CPU
		{3AB60B8D-CB3A-49D7-BC1E-1880B088182B}.Debug|Any CPU.Build.0 = Debug|Any CPU
		{3AB60B8D-CB3A-49D7-BC1E-1880B088182B}.Release|Any CPU.ActiveCfg = Release|Any CPU
		{3AB60B8D-CB3A-49D7-BC1E-1880B088182B}.Release|Any CPU.Build.0 = Release|Any CPU
	EndGlobalSection
	GlobalSection(SolutionProperties) = preSolution
		HideSolutionNode = FALSE
	EndGlobalSection
	GlobalSection(ExtensibilityGlobals) = postSolution
		SolutionGuid = {7208BADE-4932-4551-B515-A41B40DA4E6C}
	EndGlobalSection
EndGlobal
